
Microsoft Visual Studio Solution File, Format Version 12.00
Project("{FAE04EC0-301F-11D3-BF4B-00C04F79EFBC}") = "ResoniteInterfaceKit", "ResoniteInterfaceKit\ResoniteInterfaceKit.csproj", "{4805B609-24E3-4EFF-BE33-910EE8C4E844}"
EndProject
Global
	GlobalSection(SolutionConfigurationPlatforms) = preSolution
		Debug|Any CPU = Debug|Any CPU
		Release|Any CPU = Release|Any CPU
	EndGlobalSection
	GlobalSection(ProjectConfigurationPlatforms) = postSolution
		{4805B609-24E3-4EFF-BE33-910EE8C4E844}.Debug|Any CPU.ActiveCfg = Debug|Any CPU
		{4805B609-24E3-4EFF-BE33-910EE8C4E844}.Debug|Any CPU.Build.0 = Debug|Any CPU
		{4805B609-24E3-4EFF-BE33-910EE8C4E844}.Release|Any CPU.ActiveCfg = Release|Any CPU
		{4805B609-24E3-4EFF-BE33-910EE8C4E844}.Release|Any CPU.Build.0 = Release|Any CPU
	EndGlobalSection
EndGlobal
